
Microsoft Visual Studio Solution File, Format Version 12.00
# Visual Studio Version 17
VisualStudioVersion = 17.6.33815.320
MinimumVisualStudioVersion = 10.0.40219.1
Project("{FAE04EC0-301F-11D3-BF4B-00C04F79EFBC}") = "MatchGame_HeadFirst", "MatchGame_HeadFirst\MatchGame_HeadFirst.csproj", "{732A926D-1DBE-491D-82BE-946045A8D5CF}"
EndProject
Global
	GlobalSection(SolutionConfigurationPlatforms) = preSolution
		Debug|Any CPU = Debug|Any CPU
		Release|Any CPU = Release|Any CPU
	EndGlobalSection
	GlobalSection(ProjectConfigurationPlatforms) = postSolution
		{732A926D-1DBE-491D-82BE-946045A8D5CF}.Debug|Any CPU.ActiveCfg = Debug|Any CPU
		{732A926D-1DBE-491D-82BE-946045A8D5CF}.Debug|Any CPU.Build.0 = Debug|Any CPU
		{732A926D-1DBE-491D-82BE-946045A8D5CF}.Release|Any CPU.ActiveCfg = Release|Any CPU
		{732A926D-1DBE-491D-82BE-946045A8D5CF}.Release|Any CPU.Build.0 = Release|Any CPU
	EndGlobalSection
	GlobalSection(SolutionProperties) = preSolution
		HideSolutionNode = FALSE
	EndGlobalSection
	GlobalSection(ExtensibilityGlobals) = postSolution
		SolutionGuid = {5B21A391-713C-4951-BC2C-CEB6333FC1C0}
	EndGlobalSection
EndGlobal
